
Microsoft Visual Studio Solution File, Format Version 12.00
# Visual Studio Version 16
VisualStudioVersion = 16.0.31005.135
MinimumVisualStudioVersion = 10.0.40219.1
Project("{FAE04EC0-301F-11D3-BF4B-00C04F79EFBC}") = "BankingSystem", "BankAccount\BankingSystem.csproj", "{8AE69ABD-5BB6-44EA-A445-72F63A3B442D}"
EndProject
Project("{FAE04EC0-301F-11D3-BF4B-00C04F79EFBC}") = "BankingSystem.Tests", "BankingSystem.Tests\BankingSystem.Tests.csproj", "{978CAF53-71F9-43E9-8DA7-6F2FA6BD2FA2}"
EndProject
Global
	GlobalSection(SolutionConfigurationPlatforms) = preSolution
		Debug|Any CPU = Debug|Any CPU
		Release|Any CPU = Release|Any CPU
	EndGlobalSection
	GlobalSection(ProjectConfigurationPlatforms) = postSolution
		{8AE69ABD-5BB6-44EA-A445-72F63A3B442D}.Debug|Any CPU.ActiveCfg = Debug|Any CPU
		{8AE69ABD-5BB6-44EA-A445-72F63A3B442D}.Debug|Any CPU.Build.0 = Debug|Any CPU
		{8AE69ABD-5BB6-44EA-A445-72F63A3B442D}.Release|Any CPU.ActiveCfg = Release|Any CPU
		{8AE69ABD-5BB6-44EA-A445-72F63A3B442D}.Release|Any CPU.Build.0 = Release|Any CPU
		{978CAF53-71F9-43E9-8DA7-6F2FA6BD2FA2}.Debug|Any CPU.ActiveCfg = Debug|Any CPU
		{978CAF53-71F9-43E9-8DA7-6F2FA6BD2FA2}.Debug|Any CPU.Build.0 = Debug|Any CPU
		{978CAF53-71F9-43E9-8DA7-6F2FA6BD2FA2}.Release|Any CPU.ActiveCfg = Release|Any CPU
		{978CAF53-71F9-43E9-8DA7-6F2FA6BD2FA2}.Release|Any CPU.Build.0 = Release|Any CPU
	EndGlobalSection
	GlobalSection(SolutionProperties) = preSolution
		HideSolutionNode = FALSE
	EndGlobalSection
	GlobalSection(ExtensibilityGlobals) = postSolution
		SolutionGuid = {15431594-FDA2-46E3-A502-AEA66AB4DEC1}
	EndGlobalSection
EndGlobal
