
Microsoft Visual Studio Solution File, Format Version 12.00
# Visual Studio Version 16
VisualStudioVersion = 16.0.31005.135
MinimumVisualStudioVersion = 10.0.40219.1
Project("{FAE04EC0-301F-11D3-BF4B-00C04F79EFBC}") = "Imeil1", "Imeil1\Imeil1.csproj", "{5697BA9F-009B-4CD7-B63C-4169FF3B2E74}"
EndProject
Project("{FAE04EC0-301F-11D3-BF4B-00C04F79EFBC}") = "EmailCorrection", "EmailCorrection\EmailCorrection.csproj", "{A21E418D-1449-46E7-A4BE-A2DA6C54BEFB}"
EndProject
Global
	GlobalSection(SolutionConfigurationPlatforms) = preSolution
		Debug|Any CPU = Debug|Any CPU
		Release|Any CPU = Release|Any CPU
	EndGlobalSection
	GlobalSection(ProjectConfigurationPlatforms) = postSolution
		{5697BA9F-009B-4CD7-B63C-4169FF3B2E74}.Debug|Any CPU.ActiveCfg = Debug|Any CPU
		{5697BA9F-009B-4CD7-B63C-4169FF3B2E74}.Debug|Any CPU.Build.0 = Debug|Any CPU
		{5697BA9F-009B-4CD7-B63C-4169FF3B2E74}.Release|Any CPU.ActiveCfg = Release|Any CPU
		{5697BA9F-009B-4CD7-B63C-4169FF3B2E74}.Release|Any CPU.Build.0 = Release|Any CPU
		{A21E418D-1449-46E7-A4BE-A2DA6C54BEFB}.Debug|Any CPU.ActiveCfg = Debug|Any CPU
		{A21E418D-1449-46E7-A4BE-A2DA6C54BEFB}.Debug|Any CPU.Build.0 = Debug|Any CPU
		{A21E418D-1449-46E7-A4BE-A2DA6C54BEFB}.Release|Any CPU.ActiveCfg = Release|Any CPU
		{A21E418D-1449-46E7-A4BE-A2DA6C54BEFB}.Release|Any CPU.Build.0 = Release|Any CPU
	EndGlobalSection
	GlobalSection(SolutionProperties) = preSolution
		HideSolutionNode = FALSE
	EndGlobalSection
	GlobalSection(ExtensibilityGlobals) = postSolution
		SolutionGuid = {45115AA9-DC62-45FA-90AE-E1833039F32D}
	EndGlobalSection
EndGlobal
