
Microsoft Visual Studio Solution File, Format Version 12.00
# Visual Studio Version 16
VisualStudioVersion = 16.0.31005.135
MinimumVisualStudioVersion = 10.0.40219.1
Project("{FAE04EC0-301F-11D3-BF4B-00C04F79EFBC}") = "TelUkazatel", "TelUkazatel\TelUkazatel.csproj", "{3DC953D5-9250-43F1-972E-6DFB7F7C42B0}"
EndProject
Project("{FAE04EC0-301F-11D3-BF4B-00C04F79EFBC}") = "minior", "minior\minior.csproj", "{7619A6EA-91D0-4D64-9EBE-55B16C7071B8}"
EndProject
Global
	GlobalSection(SolutionConfigurationPlatforms) = preSolution
		Debug|Any CPU = Debug|Any CPU
		Release|Any CPU = Release|Any CPU
	EndGlobalSection
	GlobalSection(ProjectConfigurationPlatforms) = postSolution
		{3DC953D5-9250-43F1-972E-6DFB7F7C42B0}.Debug|Any CPU.ActiveCfg = Debug|Any CPU
		{3DC953D5-9250-43F1-972E-6DFB7F7C42B0}.Debug|Any CPU.Build.0 = Debug|Any CPU
		{3DC953D5-9250-43F1-972E-6DFB7F7C42B0}.Release|Any CPU.ActiveCfg = Release|Any CPU
		{3DC953D5-9250-43F1-972E-6DFB7F7C42B0}.Release|Any CPU.Build.0 = Release|Any CPU
		{7619A6EA-91D0-4D64-9EBE-55B16C7071B8}.Debug|Any CPU.ActiveCfg = Debug|Any CPU
		{7619A6EA-91D0-4D64-9EBE-55B16C7071B8}.Debug|Any CPU.Build.0 = Debug|Any CPU
		{7619A6EA-91D0-4D64-9EBE-55B16C7071B8}.Release|Any CPU.ActiveCfg = Release|Any CPU
		{7619A6EA-91D0-4D64-9EBE-55B16C7071B8}.Release|Any CPU.Build.0 = Release|Any CPU
	EndGlobalSection
	GlobalSection(SolutionProperties) = preSolution
		HideSolutionNode = FALSE
	EndGlobalSection
	GlobalSection(ExtensibilityGlobals) = postSolution
		SolutionGuid = {97416B68-0E28-4C6E-8B80-52042F25C5F3}
	EndGlobalSection
EndGlobal
